// !$*UTF8*$!
{
	archiveVersion = 1;
	classes = {
	};
	objectVersion = 56;
	objects = {

/* Begin PBXBuildFile section */
		7612FA672C8BF0C20025BEF8 /* SearchModel.swift in Sources */ = {isa = PBXBuildFile; fileRef = 7612FA662C8BF0C20025BEF8 /* SearchModel.swift */; };
		7612FA6B2C8BF7CE0025BEF8 /* SearchCoinModel.swift in Sources */ = {isa = PBXBuildFile; fileRef = 7612FA6A2C8BF7CE0025BEF8 /* SearchCoinModel.swift */; };
		7612FA6E2C8BFA050025BEF8 /* TextWithColoredSubstring.swift in Sources */ = {isa = PBXBuildFile; fileRef = 7612FA6D2C8BFA050025BEF8 /* TextWithColoredSubstring.swift */; };
		76F537BB2C8AC54E000E29DA /* CheckCoinApp.swift in Sources */ = {isa = PBXBuildFile; fileRef = 76F537BA2C8AC54E000E29DA /* CheckCoinApp.swift */; };
		76F537BD2C8AC54E000E29DA /* ContentView.swift in Sources */ = {isa = PBXBuildFile; fileRef = 76F537BC2C8AC54E000E29DA /* ContentView.swift */; };
		76F537BF2C8AC54F000E29DA /* Assets.xcassets in Resources */ = {isa = PBXBuildFile; fileRef = 76F537BE2C8AC54F000E29DA /* Assets.xcassets */; };
		76F537C22C8AC54F000E29DA /* Preview Assets.xcassets in Resources */ = {isa = PBXBuildFile; fileRef = 76F537C12C8AC54F000E29DA /* Preview Assets.xcassets */; };
		76F537C92C8AC5B2000E29DA /* .gitignore in Resources */ = {isa = PBXBuildFile; fileRef = 76F537C82C8AC5B2000E29DA /* .gitignore */; };
		76F537CC2C8AC653000E29DA /* TrendingView.swift in Sources */ = {isa = PBXBuildFile; fileRef = 76F537CB2C8AC653000E29DA /* TrendingView.swift */; };
		76F537CF2C8AC6C1000E29DA /* SearchView.swift in Sources */ = {isa = PBXBuildFile; fileRef = 76F537CE2C8AC6C1000E29DA /* SearchView.swift */; };
		76F537D22C8AC6CF000E29DA /* FavoriteView.swift in Sources */ = {isa = PBXBuildFile; fileRef = 76F537D12C8AC6CF000E29DA /* FavoriteView.swift */; };
		76F537D52C8AC6E1000E29DA /* ProfileView.swift in Sources */ = {isa = PBXBuildFile; fileRef = 76F537D42C8AC6E1000E29DA /* ProfileView.swift */; };
		76F537D92C8AD66B000E29DA /* TrendingModel.swift in Sources */ = {isa = PBXBuildFile; fileRef = 76F537D82C8AD66B000E29DA /* TrendingModel.swift */; };
		76F537DC2C8AD83A000E29DA /* Alamofire in Frameworks */ = {isa = PBXBuildFile; productRef = 76F537DB2C8AD83A000E29DA /* Alamofire */; };
		76F537DF2C8AD842000E29DA /* Kingfisher in Frameworks */ = {isa = PBXBuildFile; productRef = 76F537DE2C8AD842000E29DA /* Kingfisher */; };
		76F537E12C8AD84F000E29DA /* APIManager.swift in Sources */ = {isa = PBXBuildFile; fileRef = 76F537E02C8AD84F000E29DA /* APIManager.swift */; };
		76F537E32C8AD891000E29DA /* APIKey.swift in Sources */ = {isa = PBXBuildFile; fileRef = 76F537E22C8AD891000E29DA /* APIKey.swift */; };
		76F537E52C8AE25A000E29DA /* CoinModel.swift in Sources */ = {isa = PBXBuildFile; fileRef = 76F537E42C8AE25A000E29DA /* CoinModel.swift */; };
		76F537E82C8AE26A000E29DA /* NFTModel.swift in Sources */ = {isa = PBXBuildFile; fileRef = 76F537E72C8AE26A000E29DA /* NFTModel.swift */; };
/* End PBXBuildFile section */

/* Begin PBXFileReference section */
		7612FA662C8BF0C20025BEF8 /* SearchModel.swift */ = {isa = PBXFileReference; lastKnownFileType = sourcecode.swift; path = SearchModel.swift; sourceTree = "<group>"; };
		7612FA6A2C8BF7CE0025BEF8 /* SearchCoinModel.swift */ = {isa = PBXFileReference; lastKnownFileType = sourcecode.swift; path = SearchCoinModel.swift; sourceTree = "<group>"; };
		7612FA6D2C8BFA050025BEF8 /* TextWithColoredSubstring.swift */ = {isa = PBXFileReference; lastKnownFileType = sourcecode.swift; path = TextWithColoredSubstring.swift; sourceTree = "<group>"; };
		76F537B72C8AC54E000E29DA /* CheckCoin.app */ = {isa = PBXFileReference; explicitFileType = wrapper.application; includeInIndex = 0; path = CheckCoin.app; sourceTree = BUILT_PRODUCTS_DIR; };
		76F537BA2C8AC54E000E29DA /* CheckCoinApp.swift */ = {isa = PBXFileReference; lastKnownFileType = sourcecode.swift; path = CheckCoinApp.swift; sourceTree = "<group>"; };
		76F537BC2C8AC54E000E29DA /* ContentView.swift */ = {isa = PBXFileReference; lastKnownFileType = sourcecode.swift; path = ContentView.swift; sourceTree = "<group>"; };
		76F537BE2C8AC54F000E29DA /* Assets.xcassets */ = {isa = PBXFileReference; lastKnownFileType = folder.assetcatalog; path = Assets.xcassets; sourceTree = "<group>"; };
		76F537C12C8AC54F000E29DA /* Preview Assets.xcassets */ = {isa = PBXFileReference; lastKnownFileType = folder.assetcatalog; path = "Preview Assets.xcassets"; sourceTree = "<group>"; };
		76F537C82C8AC5B2000E29DA /* .gitignore */ = {isa = PBXFileReference; lastKnownFileType = text; path = .gitignore; sourceTree = "<group>"; };
		76F537CB2C8AC653000E29DA /* TrendingView.swift */ = {isa = PBXFileReference; lastKnownFileType = sourcecode.swift; path = TrendingView.swift; sourceTree = "<group>"; };
		76F537CE2C8AC6C1000E29DA /* SearchView.swift */ = {isa = PBXFileReference; lastKnownFileType = sourcecode.swift; path = SearchView.swift; sourceTree = "<group>"; };
		76F537D12C8AC6CF000E29DA /* FavoriteView.swift */ = {isa = PBXFileReference; lastKnownFileType = sourcecode.swift; path = FavoriteView.swift; sourceTree = "<group>"; };
		76F537D42C8AC6E1000E29DA /* ProfileView.swift */ = {isa = PBXFileReference; lastKnownFileType = sourcecode.swift; path = ProfileView.swift; sourceTree = "<group>"; };
		76F537D82C8AD66B000E29DA /* TrendingModel.swift */ = {isa = PBXFileReference; lastKnownFileType = sourcecode.swift; path = TrendingModel.swift; sourceTree = "<group>"; };
		76F537E02C8AD84F000E29DA /* APIManager.swift */ = {isa = PBXFileReference; lastKnownFileType = sourcecode.swift; path = APIManager.swift; sourceTree = "<group>"; };
		76F537E22C8AD891000E29DA /* APIKey.swift */ = {isa = PBXFileReference; lastKnownFileType = sourcecode.swift; path = APIKey.swift; sourceTree = "<group>"; };
		76F537E42C8AE25A000E29DA /* CoinModel.swift */ = {isa = PBXFileReference; lastKnownFileType = sourcecode.swift; path = CoinModel.swift; sourceTree = "<group>"; };
		76F537E72C8AE26A000E29DA /* NFTModel.swift */ = {isa = PBXFileReference; lastKnownFileType = sourcecode.swift; path = NFTModel.swift; sourceTree = "<group>"; };
/* End PBXFileReference section */

/* Begin PBXFrameworksBuildPhase section */
		76F537B42C8AC54E000E29DA /* Frameworks */ = {
			isa = PBXFrameworksBuildPhase;
			buildActionMask = 2147483647;
			files = (
				76F537DF2C8AD842000E29DA /* Kingfisher in Frameworks */,
				76F537DC2C8AD83A000E29DA /* Alamofire in Frameworks */,
			);
			runOnlyForDeploymentPostprocessing = 0;
		};
/* End PBXFrameworksBuildPhase section */

/* Begin PBXGroup section */
		7612FA682C8BF7B30025BEF8 /* Model */ = {
			isa = PBXGroup;
			children = (
				7612FA6A2C8BF7CE0025BEF8 /* SearchCoinModel.swift */,
			);
			path = Model;
			sourceTree = "<group>";
		};
		7612FA692C8BF7BA0025BEF8 /* View */ = {
			isa = PBXGroup;
			children = (
				76F537CE2C8AC6C1000E29DA /* SearchView.swift */,
			);
			path = View;
			sourceTree = "<group>";
		};
		7612FA6C2C8BF9EC0025BEF8 /* Helper */ = {
			isa = PBXGroup;
			children = (
				7612FA6D2C8BFA050025BEF8 /* TextWithColoredSubstring.swift */,
			);
			path = Helper;
			sourceTree = "<group>";
		};
		76F537AE2C8AC54E000E29DA = {
			isa = PBXGroup;
			children = (
				76F537C82C8AC5B2000E29DA /* .gitignore */,
				76F537B92C8AC54E000E29DA /* CheckCoin */,
				76F537B82C8AC54E000E29DA /* Products */,
			);
			sourceTree = "<group>";
		};
		76F537B82C8AC54E000E29DA /* Products */ = {
			isa = PBXGroup;
			children = (
				76F537B72C8AC54E000E29DA /* CheckCoin.app */,
			);
			name = Products;
			sourceTree = "<group>";
		};
		76F537B92C8AC54E000E29DA /* CheckCoin */ = {
			isa = PBXGroup;
			children = (
				7612FA6C2C8BF9EC0025BEF8 /* Helper */,
				76F537D62C8AD64A000E29DA /* API */,
				76F537CA2C8AC644000E29DA /* Trending */,
				76F537CD2C8AC6B6000E29DA /* Search */,
				76F537D02C8AC6C4000E29DA /* Favorite */,
				76F537D32C8AC6D8000E29DA /* Profile */,
				76F537BA2C8AC54E000E29DA /* CheckCoinApp.swift */,
				76F537BC2C8AC54E000E29DA /* ContentView.swift */,
				76F537BE2C8AC54F000E29DA /* Assets.xcassets */,
				76F537C02C8AC54F000E29DA /* Preview Content */,
			);
			path = CheckCoin;
			sourceTree = "<group>";
		};
		76F537C02C8AC54F000E29DA /* Preview Content */ = {
			isa = PBXGroup;
			children = (
				76F537C12C8AC54F000E29DA /* Preview Assets.xcassets */,
			);
			path = "Preview Content";
			sourceTree = "<group>";
		};
		76F537CA2C8AC644000E29DA /* Trending */ = {
			isa = PBXGroup;
			children = (
				76F537E62C8AE262000E29DA /* Model */,
				76F537E92C8AE3A7000E29DA /* View */,
			);
			path = Trending;
			sourceTree = "<group>";
		};
		76F537CD2C8AC6B6000E29DA /* Search */ = {
			isa = PBXGroup;
			children = (
				7612FA682C8BF7B30025BEF8 /* Model */,
				7612FA692C8BF7BA0025BEF8 /* View */,
			);
			path = Search;
			sourceTree = "<group>";
		};
		76F537D02C8AC6C4000E29DA /* Favorite */ = {
			isa = PBXGroup;
			children = (
				76F537D12C8AC6CF000E29DA /* FavoriteView.swift */,
			);
			path = Favorite;
			sourceTree = "<group>";
		};
		76F537D32C8AC6D8000E29DA /* Profile */ = {
			isa = PBXGroup;
			children = (
				76F537D42C8AC6E1000E29DA /* ProfileView.swift */,
			);
			path = Profile;
			sourceTree = "<group>";
		};
		76F537D62C8AD64A000E29DA /* API */ = {
			isa = PBXGroup;
			children = (
				76F537E22C8AD891000E29DA /* APIKey.swift */,
				76F537E02C8AD84F000E29DA /* APIManager.swift */,
				76F537D72C8AD658000E29DA /* ResponseModel */,
			);
			path = API;
			sourceTree = "<group>";
		};
		76F537D72C8AD658000E29DA /* ResponseModel */ = {
			isa = PBXGroup;
			children = (
				76F537D82C8AD66B000E29DA /* TrendingModel.swift */,
				7612FA662C8BF0C20025BEF8 /* SearchModel.swift */,
			);
			path = ResponseModel;
			sourceTree = "<group>";
		};
		76F537E62C8AE262000E29DA /* Model */ = {
			isa = PBXGroup;
			children = (
				76F537E42C8AE25A000E29DA /* CoinModel.swift */,
				76F537E72C8AE26A000E29DA /* NFTModel.swift */,
			);
			path = Model;
			sourceTree = "<group>";
		};
		76F537E92C8AE3A7000E29DA /* View */ = {
			isa = PBXGroup;
			children = (
				76F537CB2C8AC653000E29DA /* TrendingView.swift */,
			);
			path = View;
			sourceTree = "<group>";
		};
/* End PBXGroup section */

/* Begin PBXNativeTarget section */
		76F537B62C8AC54E000E29DA /* CheckCoin */ = {
			isa = PBXNativeTarget;
			buildConfigurationList = 76F537C52C8AC54F000E29DA /* Build configuration list for PBXNativeTarget "CheckCoin" */;
			buildPhases = (
				76F537B32C8AC54E000E29DA /* Sources */,
				76F537B42C8AC54E000E29DA /* Frameworks */,
				76F537B52C8AC54E000E29DA /* Resources */,
			);
			buildRules = (
			);
			dependencies = (
			);
			name = CheckCoin;
			packageProductDependencies = (
				76F537DB2C8AD83A000E29DA /* Alamofire */,
				76F537DE2C8AD842000E29DA /* Kingfisher */,
			);
			productName = CheckCoin;
			productReference = 76F537B72C8AC54E000E29DA /* CheckCoin.app */;
			productType = "com.apple.product-type.application";
		};
/* End PBXNativeTarget section */

/* Begin PBXProject section */
		76F537AF2C8AC54E000E29DA /* Project object */ = {
			isa = PBXProject;
			attributes = {
				BuildIndependentTargetsInParallel = 1;
				LastSwiftUpdateCheck = 1540;
				LastUpgradeCheck = 1540;
				TargetAttributes = {
					76F537B62C8AC54E000E29DA = {
						CreatedOnToolsVersion = 15.4;
					};
				};
			};
			buildConfigurationList = 76F537B22C8AC54E000E29DA /* Build configuration list for PBXProject "CheckCoin" */;
			compatibilityVersion = "Xcode 14.0";
			developmentRegion = en;
			hasScannedForEncodings = 0;
			knownRegions = (
				en,
				Base,
			);
			mainGroup = 76F537AE2C8AC54E000E29DA;
			packageReferences = (
				76F537DA2C8AD83A000E29DA /* XCRemoteSwiftPackageReference "Alamofire" */,
				76F537DD2C8AD842000E29DA /* XCRemoteSwiftPackageReference "Kingfisher" */,
			);
			productRefGroup = 76F537B82C8AC54E000E29DA /* Products */;
			projectDirPath = "";
			projectRoot = "";
			targets = (
				76F537B62C8AC54E000E29DA /* CheckCoin */,
			);
		};
/* End PBXProject section */

/* Begin PBXResourcesBuildPhase section */
		76F537B52C8AC54E000E29DA /* Resources */ = {
			isa = PBXResourcesBuildPhase;
			buildActionMask = 2147483647;
			files = (
				76F537C22C8AC54F000E29DA /* Preview Assets.xcassets in Resources */,
				76F537C92C8AC5B2000E29DA /* .gitignore in Resources */,
				76F537BF2C8AC54F000E29DA /* Assets.xcassets in Resources */,
			);
			runOnlyForDeploymentPostprocessing = 0;
		};
/* End PBXResourcesBuildPhase section */

/* Begin PBXSourcesBuildPhase section */
		76F537B32C8AC54E000E29DA /* Sources */ = {
			isa = PBXSourcesBuildPhase;
			buildActionMask = 2147483647;
			files = (
				76F537E52C8AE25A000E29DA /* CoinModel.swift in Sources */,
				76F537E12C8AD84F000E29DA /* APIManager.swift in Sources */,
				76F537CF2C8AC6C1000E29DA /* SearchView.swift in Sources */,
				7612FA6E2C8BFA050025BEF8 /* TextWithColoredSubstring.swift in Sources */,
				7612FA672C8BF0C20025BEF8 /* SearchModel.swift in Sources */,
				76F537CC2C8AC653000E29DA /* TrendingView.swift in Sources */,
				76F537BD2C8AC54E000E29DA /* ContentView.swift in Sources */,
				76F537E82C8AE26A000E29DA /* NFTModel.swift in Sources */,
				76F537D22C8AC6CF000E29DA /* FavoriteView.swift in Sources */,
				76F537D52C8AC6E1000E29DA /* ProfileView.swift in Sources */,
				7612FA6B2C8BF7CE0025BEF8 /* SearchCoinModel.swift in Sources */,
				76F537D92C8AD66B000E29DA /* TrendingModel.swift in Sources */,
				76F537E32C8AD891000E29DA /* APIKey.swift in Sources */,
				76F537BB2C8AC54E000E29DA /* CheckCoinApp.swift in Sources */,
			);
			runOnlyForDeploymentPostprocessing = 0;
		};
/* End PBXSourcesBuildPhase section */

/* Begin XCBuildConfiguration section */
		76F537C32C8AC54F000E29DA /* Debug */ = {
			isa = XCBuildConfiguration;
			buildSettings = {
				ALWAYS_SEARCH_USER_PATHS = NO;
				ASSETCATALOG_COMPILER_GENERATE_SWIFT_ASSET_SYMBOL_EXTENSIONS = YES;
				CLANG_ANALYZER_NONNULL = YES;
				CLANG_ANALYZER_NUMBER_OBJECT_CONVERSION = YES_AGGRESSIVE;
				CLANG_CXX_LANGUAGE_STANDARD = "gnu++20";
				CLANG_ENABLE_MODULES = YES;
				CLANG_ENABLE_OBJC_ARC = YES;
				CLANG_ENABLE_OBJC_WEAK = YES;
				CLANG_WARN_BLOCK_CAPTURE_AUTORELEASING = YES;
				CLANG_WARN_BOOL_CONVERSION = YES;
				CLANG_WARN_COMMA = YES;
				CLANG_WARN_CONSTANT_CONVERSION = YES;
				CLANG_WARN_DEPRECATED_OBJC_IMPLEMENTATIONS = YES;
				CLANG_WARN_DIRECT_OBJC_ISA_USAGE = YES_ERROR;
				CLANG_WARN_DOCUMENTATION_COMMENTS = YES;
				CLANG_WARN_EMPTY_BODY = YES;
				CLANG_WARN_ENUM_CONVERSION = YES;
				CLANG_WARN_INFINITE_RECURSION = YES;
				CLANG_WARN_INT_CONVERSION = YES;
				CLANG_WARN_NON_LITERAL_NULL_CONVERSION = YES;
				CLANG_WARN_OBJC_IMPLICIT_RETAIN_SELF = YES;
				CLANG_WARN_OBJC_LITERAL_CONVERSION = YES;
				CLANG_WARN_OBJC_ROOT_CLASS = YES_ERROR;
				CLANG_WARN_QUOTED_INCLUDE_IN_FRAMEWORK_HEADER = YES;
				CLANG_WARN_RANGE_LOOP_ANALYSIS = YES;
				CLANG_WARN_STRICT_PROTOTYPES = YES;
				CLANG_WARN_SUSPICIOUS_MOVE = YES;
				CLANG_WARN_UNGUARDED_AVAILABILITY = YES_AGGRESSIVE;
				CLANG_WARN_UNREACHABLE_CODE = YES;
				CLANG_WARN__DUPLICATE_METHOD_MATCH = YES;
				COPY_PHASE_STRIP = NO;
				DEBUG_INFORMATION_FORMAT = dwarf;
				ENABLE_STRICT_OBJC_MSGSEND = YES;
				ENABLE_TESTABILITY = YES;
				ENABLE_USER_SCRIPT_SANDBOXING = YES;
				GCC_C_LANGUAGE_STANDARD = gnu17;
				GCC_DYNAMIC_NO_PIC = NO;
				GCC_NO_COMMON_BLOCKS = YES;
				GCC_OPTIMIZATION_LEVEL = 0;
				GCC_PREPROCESSOR_DEFINITIONS = (
					"DEBUG=1",
					"$(inherited)",
				);
				GCC_WARN_64_TO_32_BIT_CONVERSION = YES;
				GCC_WARN_ABOUT_RETURN_TYPE = YES_ERROR;
				GCC_WARN_UNDECLARED_SELECTOR = YES;
				GCC_WARN_UNINITIALIZED_AUTOS = YES_AGGRESSIVE;
				GCC_WARN_UNUSED_FUNCTION = YES;
				GCC_WARN_UNUSED_VARIABLE = YES;
				IPHONEOS_DEPLOYMENT_TARGET = 17.5;
				LOCALIZATION_PREFERS_STRING_CATALOGS = YES;
				MTL_ENABLE_DEBUG_INFO = INCLUDE_SOURCE;
				MTL_FAST_MATH = YES;
				ONLY_ACTIVE_ARCH = YES;
				SDKROOT = iphoneos;
				SWIFT_ACTIVE_COMPILATION_CONDITIONS = "DEBUG $(inherited)";
				SWIFT_OPTIMIZATION_LEVEL = "-Onone";
			};
			name = Debug;
		};
		76F537C42C8AC54F000E29DA /* Release */ = {
			isa = XCBuildConfiguration;
			buildSettings = {
				ALWAYS_SEARCH_USER_PATHS = NO;
				ASSETCATALOG_COMPILER_GENERATE_SWIFT_ASSET_SYMBOL_EXTENSIONS = YES;
				CLANG_ANALYZER_NONNULL = YES;
				CLANG_ANALYZER_NUMBER_OBJECT_CONVERSION = YES_AGGRESSIVE;
				CLANG_CXX_LANGUAGE_STANDARD = "gnu++20";
				CLANG_ENABLE_MODULES = YES;
				CLANG_ENABLE_OBJC_ARC = YES;
				CLANG_ENABLE_OBJC_WEAK = YES;
				CLANG_WARN_BLOCK_CAPTURE_AUTORELEASING = YES;
				CLANG_WARN_BOOL_CONVERSION = YES;
				CLANG_WARN_COMMA = YES;
				CLANG_WARN_CONSTANT_CONVERSION = YES;
				CLANG_WARN_DEPRECATED_OBJC_IMPLEMENTATIONS = YES;
				CLANG_WARN_DIRECT_OBJC_ISA_USAGE = YES_ERROR;
				CLANG_WARN_DOCUMENTATION_COMMENTS = YES;
				CLANG_WARN_EMPTY_BODY = YES;
				CLANG_WARN_ENUM_CONVERSION = YES;
				CLANG_WARN_INFINITE_RECURSION = YES;
				CLANG_WARN_INT_CONVERSION = YES;
				CLANG_WARN_NON_LITERAL_NULL_CONVERSION = YES;
				CLANG_WARN_OBJC_IMPLICIT_RETAIN_SELF = YES;
				CLANG_WARN_OBJC_LITERAL_CONVERSION = YES;
				CLANG_WARN_OBJC_ROOT_CLASS = YES_ERROR;
				CLANG_WARN_QUOTED_INCLUDE_IN_FRAMEWORK_HEADER = YES;
				CLANG_WARN_RANGE_LOOP_ANALYSIS = YES;
				CLANG_WARN_STRICT_PROTOTYPES = YES;
				CLANG_WARN_SUSPICIOUS_MOVE = YES;
				CLANG_WARN_UNGUARDED_AVAILABILITY = YES_AGGRESSIVE;
				CLANG_WARN_UNREACHABLE_CODE = YES;
				CLANG_WARN__DUPLICATE_METHOD_MATCH = YES;
				COPY_PHASE_STRIP = NO;
				DEBUG_INFORMATION_FORMAT = "dwarf-with-dsym";
				ENABLE_NS_ASSERTIONS = NO;
				ENABLE_STRICT_OBJC_MSGSEND = YES;
				ENABLE_USER_SCRIPT_SANDBOXING = YES;
				GCC_C_LANGUAGE_STANDARD = gnu17;
				GCC_NO_COMMON_BLOCKS = YES;
				GCC_WARN_64_TO_32_BIT_CONVERSION = YES;
				GCC_WARN_ABOUT_RETURN_TYPE = YES_ERROR;
				GCC_WARN_UNDECLARED_SELECTOR = YES;
				GCC_WARN_UNINITIALIZED_AUTOS = YES_AGGRESSIVE;
				GCC_WARN_UNUSED_FUNCTION = YES;
				GCC_WARN_UNUSED_VARIABLE = YES;
				IPHONEOS_DEPLOYMENT_TARGET = 17.5;
				LOCALIZATION_PREFERS_STRING_CATALOGS = YES;
				MTL_ENABLE_DEBUG_INFO = NO;
				MTL_FAST_MATH = YES;
				SDKROOT = iphoneos;
				SWIFT_COMPILATION_MODE = wholemodule;
				VALIDATE_PRODUCT = YES;
			};
			name = Release;
		};
		76F537C62C8AC54F000E29DA /* Debug */ = {
			isa = XCBuildConfiguration;
			buildSettings = {
				ASSETCATALOG_COMPILER_APPICON_NAME = AppIcon;
				ASSETCATALOG_COMPILER_GLOBAL_ACCENT_COLOR_NAME = AccentColor;
				CODE_SIGN_STYLE = Automatic;
				CURRENT_PROJECT_VERSION = 1;
				DEVELOPMENT_ASSET_PATHS = "\"CheckCoin/Preview Content\"";
				DEVELOPMENT_TEAM = A9AQ72K5MY;
				ENABLE_PREVIEWS = YES;
				GENERATE_INFOPLIST_FILE = YES;
				INFOPLIST_KEY_UIApplicationSceneManifest_Generation = YES;
				INFOPLIST_KEY_UIApplicationSupportsIndirectInputEvents = YES;
				INFOPLIST_KEY_UILaunchScreen_Generation = YES;
				INFOPLIST_KEY_UISupportedInterfaceOrientations = UIInterfaceOrientationPortrait;
				INFOPLIST_KEY_UISupportedInterfaceOrientations_iPad = UIInterfaceOrientationPortrait;
				IPHONEOS_DEPLOYMENT_TARGET = 16.0;
				LD_RUNPATH_SEARCH_PATHS = (
					"$(inherited)",
					"@executable_path/Frameworks",
				);
				MARKETING_VERSION = 1.0;
				PRODUCT_BUNDLE_IDENTIFIER = com.iyeah.CheckCoin;
				PRODUCT_NAME = "$(TARGET_NAME)";
				SUPPORTED_PLATFORMS = "iphoneos iphonesimulator";
				SUPPORTS_MACCATALYST = NO;
				SUPPORTS_MAC_DESIGNED_FOR_IPHONE_IPAD = NO;
				SUPPORTS_XR_DESIGNED_FOR_IPHONE_IPAD = NO;
				SWIFT_EMIT_LOC_STRINGS = YES;
				SWIFT_VERSION = 5.0;
				TARGETED_DEVICE_FAMILY = 1;
			};
			name = Debug;
		};
		76F537C72C8AC54F000E29DA /* Release */ = {
			isa = XCBuildConfiguration;
			buildSettings = {
				ASSETCATALOG_COMPILER_APPICON_NAME = AppIcon;
				ASSETCATALOG_COMPILER_GLOBAL_ACCENT_COLOR_NAME = AccentColor;
				CODE_SIGN_STYLE = Automatic;
				CURRENT_PROJECT_VERSION = 1;
				DEVELOPMENT_ASSET_PATHS = "\"CheckCoin/Preview Content\"";
				DEVELOPMENT_TEAM = A9AQ72K5MY;
				ENABLE_PREVIEWS = YES;
				GENERATE_INFOPLIST_FILE = YES;
				INFOPLIST_KEY_UIApplicationSceneManifest_Generation = YES;
				INFOPLIST_KEY_UIApplicationSupportsIndirectInputEvents = YES;
				INFOPLIST_KEY_UILaunchScreen_Generation = YES;
				INFOPLIST_KEY_UISupportedInterfaceOrientations = UIInterfaceOrientationPortrait;
				INFOPLIST_KEY_UISupportedInterfaceOrientations_iPad = UIInterfaceOrientationPortrait;
				IPHONEOS_DEPLOYMENT_TARGET = 16.0;
				LD_RUNPATH_SEARCH_PATHS = (
					"$(inherited)",
					"@executable_path/Frameworks",
				);
				MARKETING_VERSION = 1.0;
				PRODUCT_BUNDLE_IDENTIFIER = com.iyeah.CheckCoin;
				PRODUCT_NAME = "$(TARGET_NAME)";
				SUPPORTED_PLATFORMS = "iphoneos iphonesimulator";
				SUPPORTS_MACCATALYST = NO;
				SUPPORTS_MAC_DESIGNED_FOR_IPHONE_IPAD = NO;
				SUPPORTS_XR_DESIGNED_FOR_IPHONE_IPAD = NO;
				SWIFT_EMIT_LOC_STRINGS = YES;
				SWIFT_VERSION = 5.0;
				TARGETED_DEVICE_FAMILY = 1;
			};
			name = Release;
		};
/* End XCBuildConfiguration section */

/* Begin XCConfigurationList section */
		76F537B22C8AC54E000E29DA /* Build configuration list for PBXProject "CheckCoin" */ = {
			isa = XCConfigurationList;
			buildConfigurations = (
				76F537C32C8AC54F000E29DA /* Debug */,
				76F537C42C8AC54F000E29DA /* Release */,
			);
			defaultConfigurationIsVisible = 0;
			defaultConfigurationName = Release;
		};
		76F537C52C8AC54F000E29DA /* Build configuration list for PBXNativeTarget "CheckCoin" */ = {
			isa = XCConfigurationList;
			buildConfigurations = (
				76F537C62C8AC54F000E29DA /* Debug */,
				76F537C72C8AC54F000E29DA /* Release */,
			);
			defaultConfigurationIsVisible = 0;
			defaultConfigurationName = Release;
		};
/* End XCConfigurationList section */

/* Begin XCRemoteSwiftPackageReference section */
		76F537DA2C8AD83A000E29DA /* XCRemoteSwiftPackageReference "Alamofire" */ = {
			isa = XCRemoteSwiftPackageReference;
			repositoryURL = "https://github.com/Alamofire/Alamofire.git";
			requirement = {
				kind = upToNextMajorVersion;
				minimumVersion = 5.9.1;
			};
		};
		76F537DD2C8AD842000E29DA /* XCRemoteSwiftPackageReference "Kingfisher" */ = {
			isa = XCRemoteSwiftPackageReference;
			repositoryURL = "https://github.com/onevcat/Kingfisher.git";
			requirement = {
				kind = upToNextMajorVersion;
				minimumVersion = 7.12.0;
			};
		};
/* End XCRemoteSwiftPackageReference section */

/* Begin XCSwiftPackageProductDependency section */
		76F537DB2C8AD83A000E29DA /* Alamofire */ = {
			isa = XCSwiftPackageProductDependency;
			package = 76F537DA2C8AD83A000E29DA /* XCRemoteSwiftPackageReference "Alamofire" */;
			productName = Alamofire;
		};
		76F537DE2C8AD842000E29DA /* Kingfisher */ = {
			isa = XCSwiftPackageProductDependency;
			package = 76F537DD2C8AD842000E29DA /* XCRemoteSwiftPackageReference "Kingfisher" */;
			productName = Kingfisher;
		};
/* End XCSwiftPackageProductDependency section */
	};
	rootObject = 76F537AF2C8AC54E000E29DA /* Project object */;
}
